// !$*UTF8*$!
{
	archiveVersion = 1;
	classes = {
	};
	objectVersion = 55;
	objects = {

/* Begin PBXBuildFile section */
		3D404BBA28AE0C2400900177 /* MyGame1App.swift in Sources */ = {isa = PBXBuildFile; fileRef = 3D404BB928AE0C2400900177 /* MyGame1App.swift */; };
		3D404BBC28AE0C2400900177 /* DiceRollView.swift in Sources */ = {isa = PBXBuildFile; fileRef = 3D404BBB28AE0C2400900177 /* DiceRollView.swift */; };
		3D404BBE28AE0C2500900177 /* Assets.xcassets in Resources */ = {isa = PBXBuildFile; fileRef = 3D404BBD28AE0C2500900177 /* Assets.xcassets */; };
		3D404BC128AE0C2500900177 /* Preview Assets.xcassets in Resources */ = {isa = PBXBuildFile; fileRef = 3D404BC028AE0C2500900177 /* Preview Assets.xcassets */; };
		3D6833EB28B74C55008D4D66 /* ScoreBox.swift in Sources */ = {isa = PBXBuildFile; fileRef = 3D6833EA28B74C55008D4D66 /* ScoreBox.swift */; };
		3D6833ED28B74DAA008D4D66 /* MainMenuView.swift in Sources */ = {isa = PBXBuildFile; fileRef = 3D6833EC28B74DAA008D4D66 /* MainMenuView.swift */; };
		3D6833EF28B74DB8008D4D66 /* HighScoreView.swift in Sources */ = {isa = PBXBuildFile; fileRef = 3D6833EE28B74DB8008D4D66 /* HighScoreView.swift */; };
		3D6833F328B750A8008D4D66 /* GameData.swift in Sources */ = {isa = PBXBuildFile; fileRef = 3D6833F228B750A8008D4D66 /* GameData.swift */; };
		3D7B338628B771D1006E9553 /* ScoreSheetView.swift in Sources */ = {isa = PBXBuildFile; fileRef = 3D7B338528B771D1006E9553 /* ScoreSheetView.swift */; };
		3D9B4CD728B89B1C00A6300A /* ScoreGroup.swift in Sources */ = {isa = PBXBuildFile; fileRef = 3D9B4CD528B89B1C00A6300A /* ScoreGroup.swift */; };
		3D9B4CD828B89B1C00A6300A /* Dice.swift in Sources */ = {isa = PBXBuildFile; fileRef = 3D9B4CD628B89B1C00A6300A /* Dice.swift */; };
		3D9B4CDA28B89B5C00A6300A /* MatchRecord.swift in Sources */ = {isa = PBXBuildFile; fileRef = 3D9B4CD928B89B5C00A6300A /* MatchRecord.swift */; };
		3D9B4CDE28B8BFA700A6300A /* InstructionView.swift in Sources */ = {isa = PBXBuildFile; fileRef = 3D9B4CDD28B8BFA700A6300A /* InstructionView.swift */; };
		3D9B4CE028B8C48300A6300A /* ScoreTotalBox.swift in Sources */ = {isa = PBXBuildFile; fileRef = 3D9B4CDF28B8C48300A6300A /* ScoreTotalBox.swift */; };
		6102253D28BBE98B0026C74A /* AudioManager.swift in Sources */ = {isa = PBXBuildFile; fileRef = 6102253C28BBE98A0026C74A /* AudioManager.swift */; };
		611AED1F28BA116500AC2A33 /* ResultBox.swift in Sources */ = {isa = PBXBuildFile; fileRef = 611AED1E28BA116500AC2A33 /* ResultBox.swift */; };
		611AED2128BA5DE700AC2A33 /* PictureNote.swift in Sources */ = {isa = PBXBuildFile; fileRef = 611AED2028BA5DE700AC2A33 /* PictureNote.swift */; };
		6125629128BCD2A100939479 /* pencil.mp3 in Resources */ = {isa = PBXBuildFile; fileRef = 6125628A28BCD2A100939479 /* pencil.mp3 */; };
		6125629228BCD2A100939479 /* gameBGM.mp3 in Resources */ = {isa = PBXBuildFile; fileRef = 6125628B28BCD2A100939479 /* gameBGM.mp3 */; };
		6125629328BCD2A100939479 /* mainMenuBGM.mp3 in Resources */ = {isa = PBXBuildFile; fileRef = 6125628C28BCD2A100939479 /* mainMenuBGM.mp3 */; };
		6125629428BCD2A100939479 /* yay.mp3 in Resources */ = {isa = PBXBuildFile; fileRef = 6125628D28BCD2A100939479 /* yay.mp3 */; };
		6125629528BCD2A100939479 /* dice.mp3 in Resources */ = {isa = PBXBuildFile; fileRef = 6125628E28BCD2A100939479 /* dice.mp3 */; };
		6125629628BCD2A100939479 /* paper.mp3 in Resources */ = {isa = PBXBuildFile; fileRef = 6125628F28BCD2A100939479 /* paper.mp3 */; };
		6125629728BCD2A100939479 /* Lock.mp3 in Resources */ = {isa = PBXBuildFile; fileRef = 6125629028BCD2A100939479 /* Lock.mp3 */; };
/* End PBXBuildFile section */

/* Begin PBXFileReference section */
		3D404BB628AE0C2400900177 /* MyGame1.app */ = {isa = PBXFileReference; explicitFileType = wrapper.application; includeInIndex = 0; path = MyGame1.app; sourceTree = BUILT_PRODUCTS_DIR; };
		3D404BB928AE0C2400900177 /* MyGame1App.swift */ = {isa = PBXFileReference; lastKnownFileType = sourcecode.swift; path = MyGame1App.swift; sourceTree = "<group>"; };
		3D404BBB28AE0C2400900177 /* DiceRollView.swift */ = {isa = PBXFileReference; lastKnownFileType = sourcecode.swift; path = DiceRollView.swift; sourceTree = "<group>"; };
		3D404BBD28AE0C2500900177 /* Assets.xcassets */ = {isa = PBXFileReference; lastKnownFileType = folder.assetcatalog; path = Assets.xcassets; sourceTree = "<group>"; };
		3D404BC028AE0C2500900177 /* Preview Assets.xcassets */ = {isa = PBXFileReference; lastKnownFileType = folder.assetcatalog; path = "Preview Assets.xcassets"; sourceTree = "<group>"; };
		3D6833EA28B74C55008D4D66 /* ScoreBox.swift */ = {isa = PBXFileReference; lastKnownFileType = sourcecode.swift; path = ScoreBox.swift; sourceTree = "<group>"; };
		3D6833EC28B74DAA008D4D66 /* MainMenuView.swift */ = {isa = PBXFileReference; lastKnownFileType = sourcecode.swift; path = MainMenuView.swift; sourceTree = "<group>"; };
		3D6833EE28B74DB8008D4D66 /* HighScoreView.swift */ = {isa = PBXFileReference; lastKnownFileType = sourcecode.swift; path = HighScoreView.swift; sourceTree = "<group>"; };
		3D6833F228B750A8008D4D66 /* GameData.swift */ = {isa = PBXFileReference; lastKnownFileType = sourcecode.swift; path = GameData.swift; sourceTree = "<group>"; };
		3D7B338528B771D1006E9553 /* ScoreSheetView.swift */ = {isa = PBXFileReference; lastKnownFileType = sourcecode.swift; path = ScoreSheetView.swift; sourceTree = "<group>"; };
		3D9B4CD528B89B1C00A6300A /* ScoreGroup.swift */ = {isa = PBXFileReference; fileEncoding = 4; lastKnownFileType = sourcecode.swift; path = ScoreGroup.swift; sourceTree = "<group>"; };
		3D9B4CD628B89B1C00A6300A /* Dice.swift */ = {isa = PBXFileReference; fileEncoding = 4; lastKnownFileType = sourcecode.swift; path = Dice.swift; sourceTree = "<group>"; };
		3D9B4CD928B89B5C00A6300A /* MatchRecord.swift */ = {isa = PBXFileReference; lastKnownFileType = sourcecode.swift; path = MatchRecord.swift; sourceTree = "<group>"; };
		3D9B4CDD28B8BFA700A6300A /* InstructionView.swift */ = {isa = PBXFileReference; lastKnownFileType = sourcecode.swift; path = InstructionView.swift; sourceTree = "<group>"; };
		3D9B4CDF28B8C48300A6300A /* ScoreTotalBox.swift */ = {isa = PBXFileReference; lastKnownFileType = sourcecode.swift; path = ScoreTotalBox.swift; sourceTree = "<group>"; };
		6102253C28BBE98A0026C74A /* AudioManager.swift */ = {isa = PBXFileReference; lastKnownFileType = sourcecode.swift; path = AudioManager.swift; sourceTree = "<group>"; };
		611AED1E28BA116500AC2A33 /* ResultBox.swift */ = {isa = PBXFileReference; lastKnownFileType = sourcecode.swift; path = ResultBox.swift; sourceTree = "<group>"; };
		611AED2028BA5DE700AC2A33 /* PictureNote.swift */ = {isa = PBXFileReference; lastKnownFileType = sourcecode.swift; path = PictureNote.swift; sourceTree = "<group>"; };
		6125628A28BCD2A100939479 /* pencil.mp3 */ = {isa = PBXFileReference; lastKnownFileType = audio.mp3; name = pencil.mp3; path = ../../../../Downloads/sound/pencil.mp3; sourceTree = "<group>"; };
		6125628B28BCD2A100939479 /* gameBGM.mp3 */ = {isa = PBXFileReference; lastKnownFileType = audio.mp3; name = gameBGM.mp3; path = ../../../../Downloads/sound/gameBGM.mp3; sourceTree = "<group>"; };
		6125628C28BCD2A100939479 /* mainMenuBGM.mp3 */ = {isa = PBXFileReference; lastKnownFileType = audio.mp3; name = mainMenuBGM.mp3; path = ../../../../Downloads/sound/mainMenuBGM.mp3; sourceTree = "<group>"; };
		6125628D28BCD2A100939479 /* yay.mp3 */ = {isa = PBXFileReference; lastKnownFileType = audio.mp3; name = yay.mp3; path = ../../../../Downloads/sound/yay.mp3; sourceTree = "<group>"; };
		6125628E28BCD2A100939479 /* dice.mp3 */ = {isa = PBXFileReference; lastKnownFileType = audio.mp3; name = dice.mp3; path = ../../../../Downloads/sound/dice.mp3; sourceTree = "<group>"; };
		6125628F28BCD2A100939479 /* paper.mp3 */ = {isa = PBXFileReference; lastKnownFileType = audio.mp3; name = paper.mp3; path = ../../../../Downloads/sound/paper.mp3; sourceTree = "<group>"; };
		6125629028BCD2A100939479 /* Lock.mp3 */ = {isa = PBXFileReference; lastKnownFileType = audio.mp3; name = Lock.mp3; path = ../../../../Downloads/sound/Lock.mp3; sourceTree = "<group>"; };
/* End PBXFileReference section */

/* Begin PBXFrameworksBuildPhase section */
		3D404BB328AE0C2400900177 /* Frameworks */ = {
			isa = PBXFrameworksBuildPhase;
			buildActionMask = 2147483647;
			files = (
			);
			runOnlyForDeploymentPostprocessing = 0;
		};
/* End PBXFrameworksBuildPhase section */

/* Begin PBXGroup section */
		3D404BAD28AE0C2400900177 = {
			isa = PBXGroup;
			children = (
				3D404BB828AE0C2400900177 /* MyGame1 */,
				3D404BB728AE0C2400900177 /* Products */,
			);
			sourceTree = "<group>";
		};
		3D404BB728AE0C2400900177 /* Products */ = {
			isa = PBXGroup;
			children = (
				3D404BB628AE0C2400900177 /* MyGame1.app */,
			);
			name = Products;
			sourceTree = "<group>";
		};
		3D404BB828AE0C2400900177 /* MyGame1 */ = {
			isa = PBXGroup;
			children = (
				3D404BB928AE0C2400900177 /* MyGame1App.swift */,
				3D6833EC28B74DAA008D4D66 /* MainMenuView.swift */,
				3D404BBB28AE0C2400900177 /* DiceRollView.swift */,
				3D7B338528B771D1006E9553 /* ScoreSheetView.swift */,
				3D9B4CDD28B8BFA700A6300A /* InstructionView.swift */,
				3D6833EE28B74DB8008D4D66 /* HighScoreView.swift */,
				6125628928BCD01600939479 /* Controller */,
				3D6833E928B74C32008D4D66 /* ViewComponent */,
				3D6833DE28B743E5008D4D66 /* Model */,
				3D404BBD28AE0C2500900177 /* Assets.xcassets */,
				6102253E28BBF60F0026C74A /* SOund */,
				3D404BBF28AE0C2500900177 /* Preview Content */,
			);
			path = MyGame1;
			sourceTree = "<group>";
		};
		3D404BBF28AE0C2500900177 /* Preview Content */ = {
			isa = PBXGroup;
			children = (
				3D404BC028AE0C2500900177 /* Preview Assets.xcassets */,
			);
			path = "Preview Content";
			sourceTree = "<group>";
		};
		3D6833DE28B743E5008D4D66 /* Model */ = {
			isa = PBXGroup;
			children = (
				3D9B4CD628B89B1C00A6300A /* Dice.swift */,
				3D9B4CD528B89B1C00A6300A /* ScoreGroup.swift */,
				3D9B4CD928B89B5C00A6300A /* MatchRecord.swift */,
			);
			path = Model;
			sourceTree = "<group>";
		};
		3D6833E928B74C32008D4D66 /* ViewComponent */ = {
			isa = PBXGroup;
			children = (
				3D6833EA28B74C55008D4D66 /* ScoreBox.swift */,
				3D9B4CDF28B8C48300A6300A /* ScoreTotalBox.swift */,
				611AED1E28BA116500AC2A33 /* ResultBox.swift */,
				611AED2028BA5DE700AC2A33 /* PictureNote.swift */,
			);
			path = ViewComponent;
			sourceTree = "<group>";
		};
		6102253E28BBF60F0026C74A /* SOund */ = {
			isa = PBXGroup;
			children = (
				6125628E28BCD2A100939479 /* dice.mp3 */,
				6125628B28BCD2A100939479 /* gameBGM.mp3 */,
				6125629028BCD2A100939479 /* Lock.mp3 */,
				6125628C28BCD2A100939479 /* mainMenuBGM.mp3 */,
				6125628F28BCD2A100939479 /* paper.mp3 */,
				6125628A28BCD2A100939479 /* pencil.mp3 */,
				6125628D28BCD2A100939479 /* yay.mp3 */,
			);
			path = SOund;
			sourceTree = "<group>";
		};
		6125628928BCD01600939479 /* Controller */ = {
			isa = PBXGroup;
			children = (
				3D6833F228B750A8008D4D66 /* GameData.swift */,
				6102253C28BBE98A0026C74A /* AudioManager.swift */,
			);
			path = Controller;
			sourceTree = "<group>";
		};
/* End PBXGroup section */

/* Begin PBXNativeTarget section */
		3D404BB528AE0C2400900177 /* MyGame1 */ = {
			isa = PBXNativeTarget;
			buildConfigurationList = 3D404BC428AE0C2500900177 /* Build configuration list for PBXNativeTarget "MyGame1" */;
			buildPhases = (
				3D404BB228AE0C2400900177 /* Sources */,
				3D404BB328AE0C2400900177 /* Frameworks */,
				3D404BB428AE0C2400900177 /* Resources */,
			);
			buildRules = (
			);
			dependencies = (
			);
			name = MyGame1;
			productName = MyGame1;
			productReference = 3D404BB628AE0C2400900177 /* MyGame1.app */;
			productType = "com.apple.product-type.application";
		};
/* End PBXNativeTarget section */

/* Begin PBXProject section */
		3D404BAE28AE0C2400900177 /* Project object */ = {
			isa = PBXProject;
			attributes = {
				BuildIndependentTargetsInParallel = 1;
				LastSwiftUpdateCheck = 1340;
				LastUpgradeCheck = 1340;
				TargetAttributes = {
					3D404BB528AE0C2400900177 = {
						CreatedOnToolsVersion = 13.4.1;
					};
				};
			};
			buildConfigurationList = 3D404BB128AE0C2400900177 /* Build configuration list for PBXProject "MyGame1" */;
			compatibilityVersion = "Xcode 13.0";
			developmentRegion = en;
			hasScannedForEncodings = 0;
			knownRegions = (
				en,
				Base,
			);
			mainGroup = 3D404BAD28AE0C2400900177;
			productRefGroup = 3D404BB728AE0C2400900177 /* Products */;
			projectDirPath = "";
			projectRoot = "";
			targets = (
				3D404BB528AE0C2400900177 /* MyGame1 */,
			);
		};
/* End PBXProject section */

/* Begin PBXResourcesBuildPhase section */
		3D404BB428AE0C2400900177 /* Resources */ = {
			isa = PBXResourcesBuildPhase;
			buildActionMask = 2147483647;
			files = (
				6125629728BCD2A100939479 /* Lock.mp3 in Resources */,
				6125629428BCD2A100939479 /* yay.mp3 in Resources */,
				6125629128BCD2A100939479 /* pencil.mp3 in Resources */,
				6125629228BCD2A100939479 /* gameBGM.mp3 in Resources */,
				6125629328BCD2A100939479 /* mainMenuBGM.mp3 in Resources */,
				3D404BC128AE0C2500900177 /* Preview Assets.xcassets in Resources */,
				6125629528BCD2A100939479 /* dice.mp3 in Resources */,
				3D404BBE28AE0C2500900177 /* Assets.xcassets in Resources */,
				6125629628BCD2A100939479 /* paper.mp3 in Resources */,
			);
			runOnlyForDeploymentPostprocessing = 0;
		};
/* End PBXResourcesBuildPhase section */

/* Begin PBXSourcesBuildPhase section */
		3D404BB228AE0C2400900177 /* Sources */ = {
			isa = PBXSourcesBuildPhase;
			buildActionMask = 2147483647;
			files = (
				3D9B4CDA28B89B5C00A6300A /* MatchRecord.swift in Sources */,
				3D9B4CD728B89B1C00A6300A /* ScoreGroup.swift in Sources */,
				6102253D28BBE98B0026C74A /* AudioManager.swift in Sources */,
				611AED1F28BA116500AC2A33 /* ResultBox.swift in Sources */,
				3D6833F328B750A8008D4D66 /* GameData.swift in Sources */,
				3D6833ED28B74DAA008D4D66 /* MainMenuView.swift in Sources */,
				3D404BBC28AE0C2400900177 /* DiceRollView.swift in Sources */,
				611AED2128BA5DE700AC2A33 /* PictureNote.swift in Sources */,
				3D9B4CE028B8C48300A6300A /* ScoreTotalBox.swift in Sources */,
				3D9B4CDE28B8BFA700A6300A /* InstructionView.swift in Sources */,
				3D6833EB28B74C55008D4D66 /* ScoreBox.swift in Sources */,
				3D7B338628B771D1006E9553 /* ScoreSheetView.swift in Sources */,
				3D6833EF28B74DB8008D4D66 /* HighScoreView.swift in Sources */,
				3D9B4CD828B89B1C00A6300A /* Dice.swift in Sources */,
				3D404BBA28AE0C2400900177 /* MyGame1App.swift in Sources */,
			);
			runOnlyForDeploymentPostprocessing = 0;
		};
/* End PBXSourcesBuildPhase section */

/* Begin XCBuildConfiguration section */
		3D404BC228AE0C2500900177 /* Debug */ = {
			isa = XCBuildConfiguration;
			buildSettings = {
				ALWAYS_SEARCH_USER_PATHS = NO;
				CLANG_ANALYZER_NONNULL = YES;
				CLANG_ANALYZER_NUMBER_OBJECT_CONVERSION = YES_AGGRESSIVE;
				CLANG_CXX_LANGUAGE_STANDARD = "gnu++17";
				CLANG_ENABLE_MODULES = YES;
				CLANG_ENABLE_OBJC_ARC = YES;
				CLANG_ENABLE_OBJC_WEAK = YES;
				CLANG_WARN_BLOCK_CAPTURE_AUTORELEASING = YES;
				CLANG_WARN_BOOL_CONVERSION = YES;
				CLANG_WARN_COMMA = YES;
				CLANG_WARN_CONSTANT_CONVERSION = YES;
				CLANG_WARN_DEPRECATED_OBJC_IMPLEMENTATIONS = YES;
				CLANG_WARN_DIRECT_OBJC_ISA_USAGE = YES_ERROR;
				CLANG_WARN_DOCUMENTATION_COMMENTS = YES;
				CLANG_WARN_EMPTY_BODY = YES;
				CLANG_WARN_ENUM_CONVERSION = YES;
				CLANG_WARN_INFINITE_RECURSION = YES;
				CLANG_WARN_INT_CONVERSION = YES;
				CLANG_WARN_NON_LITERAL_NULL_CONVERSION = YES;
				CLANG_WARN_OBJC_IMPLICIT_RETAIN_SELF = YES;
				CLANG_WARN_OBJC_LITERAL_CONVERSION = YES;
				CLANG_WARN_OBJC_ROOT_CLASS = YES_ERROR;
				CLANG_WARN_QUOTED_INCLUDE_IN_FRAMEWORK_HEADER = YES;
				CLANG_WARN_RANGE_LOOP_ANALYSIS = YES;
				CLANG_WARN_STRICT_PROTOTYPES = YES;
				CLANG_WARN_SUSPICIOUS_MOVE = YES;
				CLANG_WARN_UNGUARDED_AVAILABILITY = YES_AGGRESSIVE;
				CLANG_WARN_UNREACHABLE_CODE = YES;
				CLANG_WARN__DUPLICATE_METHOD_MATCH = YES;
				COPY_PHASE_STRIP = NO;
				DEBUG_INFORMATION_FORMAT = dwarf;
				ENABLE_STRICT_OBJC_MSGSEND = YES;
				ENABLE_TESTABILITY = YES;
				GCC_C_LANGUAGE_STANDARD = gnu11;
				GCC_DYNAMIC_NO_PIC = NO;
				GCC_NO_COMMON_BLOCKS = YES;
				GCC_OPTIMIZATION_LEVEL = 0;
				GCC_PREPROCESSOR_DEFINITIONS = (
					"DEBUG=1",
					"$(inherited)",
				);
				GCC_WARN_64_TO_32_BIT_CONVERSION = YES;
				GCC_WARN_ABOUT_RETURN_TYPE = YES_ERROR;
				GCC_WARN_UNDECLARED_SELECTOR = YES;
				GCC_WARN_UNINITIALIZED_AUTOS = YES_AGGRESSIVE;
				GCC_WARN_UNUSED_FUNCTION = YES;
				GCC_WARN_UNUSED_VARIABLE = YES;
				IPHONEOS_DEPLOYMENT_TARGET = 15.5;
				MTL_ENABLE_DEBUG_INFO = INCLUDE_SOURCE;
				MTL_FAST_MATH = YES;
				ONLY_ACTIVE_ARCH = YES;
				SDKROOT = iphoneos;
				SWIFT_ACTIVE_COMPILATION_CONDITIONS = DEBUG;
				SWIFT_OPTIMIZATION_LEVEL = "-Onone";
			};
			name = Debug;
		};
		3D404BC328AE0C2500900177 /* Release */ = {
			isa = XCBuildConfiguration;
			buildSettings = {
				ALWAYS_SEARCH_USER_PATHS = NO;
				CLANG_ANALYZER_NONNULL = YES;
				CLANG_ANALYZER_NUMBER_OBJECT_CONVERSION = YES_AGGRESSIVE;
				CLANG_CXX_LANGUAGE_STANDARD = "gnu++17";
				CLANG_ENABLE_MODULES = YES;
				CLANG_ENABLE_OBJC_ARC = YES;
				CLANG_ENABLE_OBJC_WEAK = YES;
				CLANG_WARN_BLOCK_CAPTURE_AUTORELEASING = YES;
				CLANG_WARN_BOOL_CONVERSION = YES;
				CLANG_WARN_COMMA = YES;
				CLANG_WARN_CONSTANT_CONVERSION = YES;
				CLANG_WARN_DEPRECATED_OBJC_IMPLEMENTATIONS = YES;
				CLANG_WARN_DIRECT_OBJC_ISA_USAGE = YES_ERROR;
				CLANG_WARN_DOCUMENTATION_COMMENTS = YES;
				CLANG_WARN_EMPTY_BODY = YES;
				CLANG_WARN_ENUM_CONVERSION = YES;
				CLANG_WARN_INFINITE_RECURSION = YES;
				CLANG_WARN_INT_CONVERSION = YES;
				CLANG_WARN_NON_LITERAL_NULL_CONVERSION = YES;
				CLANG_WARN_OBJC_IMPLICIT_RETAIN_SELF = YES;
				CLANG_WARN_OBJC_LITERAL_CONVERSION = YES;
				CLANG_WARN_OBJC_ROOT_CLASS = YES_ERROR;
				CLANG_WARN_QUOTED_INCLUDE_IN_FRAMEWORK_HEADER = YES;
				CLANG_WARN_RANGE_LOOP_ANALYSIS = YES;
				CLANG_WARN_STRICT_PROTOTYPES = YES;
				CLANG_WARN_SUSPICIOUS_MOVE = YES;
				CLANG_WARN_UNGUARDED_AVAILABILITY = YES_AGGRESSIVE;
				CLANG_WARN_UNREACHABLE_CODE = YES;
				CLANG_WARN__DUPLICATE_METHOD_MATCH = YES;
				COPY_PHASE_STRIP = NO;
				DEBUG_INFORMATION_FORMAT = "dwarf-with-dsym";
				ENABLE_NS_ASSERTIONS = NO;
				ENABLE_STRICT_OBJC_MSGSEND = YES;
				GCC_C_LANGUAGE_STANDARD = gnu11;
				GCC_NO_COMMON_BLOCKS = YES;
				GCC_WARN_64_TO_32_BIT_CONVERSION = YES;
				GCC_WARN_ABOUT_RETURN_TYPE = YES_ERROR;
				GCC_WARN_UNDECLARED_SELECTOR = YES;
				GCC_WARN_UNINITIALIZED_AUTOS = YES_AGGRESSIVE;
				GCC_WARN_UNUSED_FUNCTION = YES;
				GCC_WARN_UNUSED_VARIABLE = YES;
				IPHONEOS_DEPLOYMENT_TARGET = 15.5;
				MTL_ENABLE_DEBUG_INFO = NO;
				MTL_FAST_MATH = YES;
				SDKROOT = iphoneos;
				SWIFT_COMPILATION_MODE = wholemodule;
				SWIFT_OPTIMIZATION_LEVEL = "-O";
				VALIDATE_PRODUCT = YES;
			};
			name = Release;
		};
		3D404BC528AE0C2500900177 /* Debug */ = {
			isa = XCBuildConfiguration;
			buildSettings = {
				ASSETCATALOG_COMPILER_APPICON_NAME = AppIcon;
				ASSETCATALOG_COMPILER_GLOBAL_ACCENT_COLOR_NAME = AccentColor;
				ASSETCATALOG_COMPILER_INCLUDE_ALL_APPICON_ASSETS = YES;
				CODE_SIGN_STYLE = Automatic;
				CURRENT_PROJECT_VERSION = 1;
				DEVELOPMENT_ASSET_PATHS = "\"MyGame1/Preview Content\"";
				ENABLE_PREVIEWS = YES;
				GENERATE_INFOPLIST_FILE = YES;
				INFOPLIST_KEY_CFBundleDisplayName = Yahtzee;
				INFOPLIST_KEY_LSApplicationCategoryType = "public.app-category.board-games";
				INFOPLIST_KEY_UIApplicationSceneManifest_Generation = YES;
				INFOPLIST_KEY_UIApplicationSupportsIndirectInputEvents = YES;
				INFOPLIST_KEY_UILaunchScreen_Generation = YES;
				INFOPLIST_KEY_UISupportedInterfaceOrientations = UIInterfaceOrientationPortrait;
				INFOPLIST_KEY_UISupportedInterfaceOrientations_iPad = "UIInterfaceOrientationPortrait UIInterfaceOrientationPortraitUpsideDown";
				LD_RUNPATH_SEARCH_PATHS = (
					"$(inherited)",
					"@executable_path/Frameworks",
				);
				MARKETING_VERSION = 1.0;
				PRODUCT_BUNDLE_IDENTIFIER = mY.MyGame1;
				PRODUCT_NAME = "$(TARGET_NAME)";
				SWIFT_EMIT_LOC_STRINGS = YES;
				SWIFT_VERSION = 5.0;
				TARGETED_DEVICE_FAMILY = "1,2";
			};
			name = Debug;
		};
		3D404BC628AE0C2500900177 /* Release */ = {
			isa = XCBuildConfiguration;
			buildSettings = {
				ASSETCATALOG_COMPILER_APPICON_NAME = AppIcon;
				ASSETCATALOG_COMPILER_GLOBAL_ACCENT_COLOR_NAME = AccentColor;
				ASSETCATALOG_COMPILER_INCLUDE_ALL_APPICON_ASSETS = YES;
				CODE_SIGN_STYLE = Automatic;
				CURRENT_PROJECT_VERSION = 1;
				DEVELOPMENT_ASSET_PATHS = "\"MyGame1/Preview Content\"";
				ENABLE_PREVIEWS = YES;
				GENERATE_INFOPLIST_FILE = YES;
				INFOPLIST_KEY_CFBundleDisplayName = Yahtzee;
				INFOPLIST_KEY_LSApplicationCategoryType = "public.app-category.board-games";
				INFOPLIST_KEY_UIApplicationSceneManifest_Generation = YES;
				INFOPLIST_KEY_UIApplicationSupportsIndirectInputEvents = YES;
				INFOPLIST_KEY_UILaunchScreen_Generation = YES;
				INFOPLIST_KEY_UISupportedInterfaceOrientations = UIInterfaceOrientationPortrait;
				INFOPLIST_KEY_UISupportedInterfaceOrientations_iPad = "UIInterfaceOrientationPortrait UIInterfaceOrientationPortraitUpsideDown";
				LD_RUNPATH_SEARCH_PATHS = (
					"$(inherited)",
					"@executable_path/Frameworks",
				);
				MARKETING_VERSION = 1.0;
				PRODUCT_BUNDLE_IDENTIFIER = mY.MyGame1;
				PRODUCT_NAME = "$(TARGET_NAME)";
				SWIFT_EMIT_LOC_STRINGS = YES;
				SWIFT_VERSION = 5.0;
				TARGETED_DEVICE_FAMILY = "1,2";
			};
			name = Release;
		};
/* End XCBuildConfiguration section */

/* Begin XCConfigurationList section */
		3D404BB128AE0C2400900177 /* Build configuration list for PBXProject "MyGame1" */ = {
			isa = XCConfigurationList;
			buildConfigurations = (
				3D404BC228AE0C2500900177 /* Debug */,
				3D404BC328AE0C2500900177 /* Release */,
			);
			defaultConfigurationIsVisible = 0;
			defaultConfigurationName = Release;
		};
		3D404BC428AE0C2500900177 /* Build configuration list for PBXNativeTarget "MyGame1" */ = {
			isa = XCConfigurationList;
			buildConfigurations = (
				3D404BC528AE0C2500900177 /* Debug */,
				3D404BC628AE0C2500900177 /* Release */,
			);
			defaultConfigurationIsVisible = 0;
			defaultConfigurationName = Release;
		};
/* End XCConfigurationList section */
	};
	rootObject = 3D404BAE28AE0C2400900177 /* Project object */;
}
